
Microsoft Visual Studio Solution File, Format Version 12.00
# Visual Studio Version 16
VisualStudioVersion = 16.0.30621.155
MinimumVisualStudioVersion = 10.0.40219.1
Project("{FAE04EC0-301F-11D3-BF4B-00C04F79EFBC}") = "Rohm.Pricer", "Rohm.Pricer\Rohm.Pricer.csproj", "{88EB866D-D23B-42ED-B888-CF4C389F284B}"
EndProject
Global
	GlobalSection(SolutionConfigurationPlatforms) = preSolution
		Debug|Any CPU = Debug|Any CPU
		Release|Any CPU = Release|Any CPU
	EndGlobalSection
	GlobalSection(ProjectConfigurationPlatforms) = postSolution
		{88EB866D-D23B-42ED-B888-CF4C389F284B}.Debug|Any CPU.ActiveCfg = Debug|Any CPU
		{88EB866D-D23B-42ED-B888-CF4C389F284B}.Debug|Any CPU.Build.0 = Debug|Any CPU
		{88EB866D-D23B-42ED-B888-CF4C389F284B}.Release|Any CPU.ActiveCfg = Release|Any CPU
		{88EB866D-D23B-42ED-B888-CF4C389F284B}.Release|Any CPU.Build.0 = Release|Any CPU
	EndGlobalSection
	GlobalSection(SolutionProperties) = preSolution
		HideSolutionNode = FALSE
	EndGlobalSection
	GlobalSection(ExtensibilityGlobals) = postSolution
		SolutionGuid = {FABF3799-BA4B-4576-95F3-D0A3D17088D9}
	EndGlobalSection
EndGlobal
